// !$*UTF8*$!
{
	archiveVersion = 1;
	classes = {
	};
	objectVersion = 56;
	objects = {

/* Begin PBXBuildFile section */
		B21E3D1629DB3F7C0086D04C /* CategoryCell.swift in Sources */ = {isa = PBXBuildFile; fileRef = B21E3D1529DB3F7C0086D04C /* CategoryCell.swift */; };
		B21E3D1929DB586D0086D04C /* NetworkServicesBeer.swift in Sources */ = {isa = PBXBuildFile; fileRef = B21E3D1829DB586D0086D04C /* NetworkServicesBeer.swift */; };
		B21E3D1B29DB619C0086D04C /* Beer.swift in Sources */ = {isa = PBXBuildFile; fileRef = B21E3D1A29DB619C0086D04C /* Beer.swift */; };
		B225842929DA9F4800C97035 /* UIColorExtension.swift in Sources */ = {isa = PBXBuildFile; fileRef = B225842429DA9F4800C97035 /* UIColorExtension.swift */; };
		B225842A29DA9F4800C97035 /* Resources.swift in Sources */ = {isa = PBXBuildFile; fileRef = B225842529DA9F4800C97035 /* Resources.swift */; };
		B225842C29DA9F4800C97035 /* TabBarController.swift in Sources */ = {isa = PBXBuildFile; fileRef = B225842729DA9F4800C97035 /* TabBarController.swift */; };
		B225842F29DAA00000C97035 /* MenuViewController.swift in Sources */ = {isa = PBXBuildFile; fileRef = B225842E29DAA00000C97035 /* MenuViewController.swift */; };
		B225843229DAA6A800C97035 /* Banner.swift in Sources */ = {isa = PBXBuildFile; fileRef = B225843129DAA6A800C97035 /* Banner.swift */; };
		B225843429DAAE2100C97035 /* BannerCell.swift in Sources */ = {isa = PBXBuildFile; fileRef = B225843329DAAE2100C97035 /* BannerCell.swift */; };
		B242029E29EAC2AF007FBFA2 /* MenuButton.swift in Sources */ = {isa = PBXBuildFile; fileRef = B242029D29EAC2AF007FBFA2 /* MenuButton.swift */; };
		B24202A129EAC8AC007FBFA2 /* UIViewExtension.swift in Sources */ = {isa = PBXBuildFile; fileRef = B24202A029EAC8AC007FBFA2 /* UIViewExtension.swift */; };
		B24202A829EADB22007FBFA2 /* NavBarMenu.swift in Sources */ = {isa = PBXBuildFile; fileRef = B24202A729EADB22007FBFA2 /* NavBarMenu.swift */; };
		B24F311529DC9D640053EC46 /* StorageManager.swift in Sources */ = {isa = PBXBuildFile; fileRef = B24F311429DC9D640053EC46 /* StorageManager.swift */; };
		B25E70A329DBEF4900E054C1 /* BeerTableCell.swift in Sources */ = {isa = PBXBuildFile; fileRef = B25E70A229DBEF4900E054C1 /* BeerTableCell.swift */; };
		B27A388529DA9D5800B4EF02 /* AppDelegate.swift in Sources */ = {isa = PBXBuildFile; fileRef = B27A388429DA9D5800B4EF02 /* AppDelegate.swift */; };
		B27A388729DA9D5800B4EF02 /* SceneDelegate.swift in Sources */ = {isa = PBXBuildFile; fileRef = B27A388629DA9D5800B4EF02 /* SceneDelegate.swift */; };
		B27A388E29DA9D5900B4EF02 /* Assets.xcassets in Resources */ = {isa = PBXBuildFile; fileRef = B27A388D29DA9D5900B4EF02 /* Assets.xcassets */; };
		B27A389129DA9D5900B4EF02 /* LaunchScreen.storyboard in Resources */ = {isa = PBXBuildFile; fileRef = B27A388F29DA9D5900B4EF02 /* LaunchScreen.storyboard */; };
		B2873D702A1FAB26005EE235 /* Builder.swift in Sources */ = {isa = PBXBuildFile; fileRef = B2873D6F2A1FAB26005EE235 /* Builder.swift */; };
		B2873D732A20B3BA005EE235 /* MenuDetailViewController.swift in Sources */ = {isa = PBXBuildFile; fileRef = B2873D722A20B3BA005EE235 /* MenuDetailViewController.swift */; };
		B2873D752A20B729005EE235 /* MenuDetailPresenter.swift in Sources */ = {isa = PBXBuildFile; fileRef = B2873D742A20B729005EE235 /* MenuDetailPresenter.swift */; };
		B2873D782A212CD4005EE235 /* MenuRouter.swift in Sources */ = {isa = PBXBuildFile; fileRef = B2873D772A212CD4005EE235 /* MenuRouter.swift */; };
		B2A6EFE729EAE86D0010DACD /* NavBarController.swift in Sources */ = {isa = PBXBuildFile; fileRef = B2A6EFE629EAE86D0010DACD /* NavBarController.swift */; };
		B2B3F2002A101045003F944F /* MenuPresenter.swift in Sources */ = {isa = PBXBuildFile; fileRef = B2B3F1FF2A101045003F944F /* MenuPresenter.swift */; };
/* End PBXBuildFile section */

/* Begin PBXFileReference section */
		B21E3D1529DB3F7C0086D04C /* CategoryCell.swift */ = {isa = PBXFileReference; lastKnownFileType = sourcecode.swift; path = CategoryCell.swift; sourceTree = "<group>"; };
		B21E3D1829DB586D0086D04C /* NetworkServicesBeer.swift */ = {isa = PBXFileReference; lastKnownFileType = sourcecode.swift; path = NetworkServicesBeer.swift; sourceTree = "<group>"; };
		B21E3D1A29DB619C0086D04C /* Beer.swift */ = {isa = PBXFileReference; lastKnownFileType = sourcecode.swift; path = Beer.swift; sourceTree = "<group>"; };
		B225842429DA9F4800C97035 /* UIColorExtension.swift */ = {isa = PBXFileReference; fileEncoding = 4; lastKnownFileType = sourcecode.swift; path = UIColorExtension.swift; sourceTree = "<group>"; };
		B225842529DA9F4800C97035 /* Resources.swift */ = {isa = PBXFileReference; fileEncoding = 4; lastKnownFileType = sourcecode.swift; path = Resources.swift; sourceTree = "<group>"; };
		B225842729DA9F4800C97035 /* TabBarController.swift */ = {isa = PBXFileReference; fileEncoding = 4; lastKnownFileType = sourcecode.swift; path = TabBarController.swift; sourceTree = "<group>"; };
		B225842E29DAA00000C97035 /* MenuViewController.swift */ = {isa = PBXFileReference; lastKnownFileType = sourcecode.swift; path = MenuViewController.swift; sourceTree = "<group>"; };
		B225843129DAA6A800C97035 /* Banner.swift */ = {isa = PBXFileReference; lastKnownFileType = sourcecode.swift; path = Banner.swift; sourceTree = "<group>"; };
		B225843329DAAE2100C97035 /* BannerCell.swift */ = {isa = PBXFileReference; lastKnownFileType = sourcecode.swift; path = BannerCell.swift; sourceTree = "<group>"; };
		B242029D29EAC2AF007FBFA2 /* MenuButton.swift */ = {isa = PBXFileReference; lastKnownFileType = sourcecode.swift; path = MenuButton.swift; sourceTree = "<group>"; };
		B24202A029EAC8AC007FBFA2 /* UIViewExtension.swift */ = {isa = PBXFileReference; lastKnownFileType = sourcecode.swift; path = UIViewExtension.swift; sourceTree = "<group>"; };
		B24202A729EADB22007FBFA2 /* NavBarMenu.swift */ = {isa = PBXFileReference; lastKnownFileType = sourcecode.swift; path = NavBarMenu.swift; sourceTree = "<group>"; };
		B24F311429DC9D640053EC46 /* StorageManager.swift */ = {isa = PBXFileReference; lastKnownFileType = sourcecode.swift; path = StorageManager.swift; sourceTree = "<group>"; };
		B25E70A229DBEF4900E054C1 /* BeerTableCell.swift */ = {isa = PBXFileReference; lastKnownFileType = sourcecode.swift; path = BeerTableCell.swift; sourceTree = "<group>"; };
		B27A388129DA9D5800B4EF02 /* menuTestTask.app */ = {isa = PBXFileReference; explicitFileType = wrapper.application; includeInIndex = 0; path = menuTestTask.app; sourceTree = BUILT_PRODUCTS_DIR; };
		B27A388429DA9D5800B4EF02 /* AppDelegate.swift */ = {isa = PBXFileReference; lastKnownFileType = sourcecode.swift; path = AppDelegate.swift; sourceTree = "<group>"; };
		B27A388629DA9D5800B4EF02 /* SceneDelegate.swift */ = {isa = PBXFileReference; lastKnownFileType = sourcecode.swift; path = SceneDelegate.swift; sourceTree = "<group>"; };
		B27A388D29DA9D5900B4EF02 /* Assets.xcassets */ = {isa = PBXFileReference; lastKnownFileType = folder.assetcatalog; path = Assets.xcassets; sourceTree = "<group>"; };
		B27A389029DA9D5900B4EF02 /* Base */ = {isa = PBXFileReference; lastKnownFileType = file.storyboard; name = Base; path = Base.lproj/LaunchScreen.storyboard; sourceTree = "<group>"; };
		B27A389229DA9D5900B4EF02 /* Info.plist */ = {isa = PBXFileReference; lastKnownFileType = text.plist.xml; path = Info.plist; sourceTree = "<group>"; };
		B2873D6F2A1FAB26005EE235 /* Builder.swift */ = {isa = PBXFileReference; lastKnownFileType = sourcecode.swift; path = Builder.swift; sourceTree = "<group>"; };
		B2873D722A20B3BA005EE235 /* MenuDetailViewController.swift */ = {isa = PBXFileReference; lastKnownFileType = sourcecode.swift; path = MenuDetailViewController.swift; sourceTree = "<group>"; };
		B2873D742A20B729005EE235 /* MenuDetailPresenter.swift */ = {isa = PBXFileReference; lastKnownFileType = sourcecode.swift; path = MenuDetailPresenter.swift; sourceTree = "<group>"; };
		B2873D772A212CD4005EE235 /* MenuRouter.swift */ = {isa = PBXFileReference; lastKnownFileType = sourcecode.swift; path = MenuRouter.swift; sourceTree = "<group>"; };
		B2A6EFE629EAE86D0010DACD /* NavBarController.swift */ = {isa = PBXFileReference; lastKnownFileType = sourcecode.swift; path = NavBarController.swift; sourceTree = "<group>"; };
		B2B3F1FF2A101045003F944F /* MenuPresenter.swift */ = {isa = PBXFileReference; lastKnownFileType = sourcecode.swift; path = MenuPresenter.swift; sourceTree = "<group>"; };
/* End PBXFileReference section */

/* Begin PBXFrameworksBuildPhase section */
		B27A387E29DA9D5800B4EF02 /* Frameworks */ = {
			isa = PBXFrameworksBuildPhase;
			buildActionMask = 2147483647;
			files = (
			);
			runOnlyForDeploymentPostprocessing = 0;
		};
/* End PBXFrameworksBuildPhase section */

/* Begin PBXGroup section */
		B21E3D1729DB584D0086D04C /* Network */ = {
			isa = PBXGroup;
			children = (
				B21E3D1829DB586D0086D04C /* NetworkServicesBeer.swift */,
			);
			path = Network;
			sourceTree = "<group>";
		};
		B225842229DA9F4800C97035 /* View */ = {
			isa = PBXGroup;
			children = (
				B225842729DA9F4800C97035 /* TabBarController.swift */,
				B2A6EFE629EAE86D0010DACD /* NavBarController.swift */,
				B24202A229EADA06007FBFA2 /* Controllers */,
				B225842329DA9F4800C97035 /* Resources */,
			);
			name = View;
			path = menuTestTask/View;
			sourceTree = SOURCE_ROOT;
		};
		B225842329DA9F4800C97035 /* Resources */ = {
			isa = PBXGroup;
			children = (
				B242029F29EAC892007FBFA2 /* Extension */,
				B225842529DA9F4800C97035 /* Resources.swift */,
			);
			path = Resources;
			sourceTree = "<group>";
		};
		B225843029DAA66600C97035 /* Model */ = {
			isa = PBXGroup;
			children = (
				B225843129DAA6A800C97035 /* Banner.swift */,
				B21E3D1A29DB619C0086D04C /* Beer.swift */,
			);
			path = Model;
			sourceTree = "<group>";
		};
		B242029F29EAC892007FBFA2 /* Extension */ = {
			isa = PBXGroup;
			children = (
				B225842429DA9F4800C97035 /* UIColorExtension.swift */,
				B24202A029EAC8AC007FBFA2 /* UIViewExtension.swift */,
			);
			path = Extension;
			sourceTree = "<group>";
		};
		B24202A229EADA06007FBFA2 /* Controllers */ = {
			isa = PBXGroup;
			children = (
				B24202A429EADA4D007FBFA2 /* Menu */,
			);
			path = Controllers;
			sourceTree = "<group>";
		};
		B24202A429EADA4D007FBFA2 /* Menu */ = {
			isa = PBXGroup;
			children = (
				B2873D722A20B3BA005EE235 /* MenuDetailViewController.swift */,
				B225842E29DAA00000C97035 /* MenuViewController.swift */,
				B24202A529EADA79007FBFA2 /* Views */,
			);
			path = Menu;
			sourceTree = "<group>";
		};
		B24202A529EADA79007FBFA2 /* Views */ = {
			isa = PBXGroup;
			children = (
				B225843329DAAE2100C97035 /* BannerCell.swift */,
				B21E3D1529DB3F7C0086D04C /* CategoryCell.swift */,
				B25E70A229DBEF4900E054C1 /* BeerTableCell.swift */,
				B242029D29EAC2AF007FBFA2 /* MenuButton.swift */,
				B24202A729EADB22007FBFA2 /* NavBarMenu.swift */,
			);
			path = Views;
			sourceTree = "<group>";
		};
		B24F311329DC9D450053EC46 /* Storage */ = {
			isa = PBXGroup;
			children = (
				B24F311429DC9D640053EC46 /* StorageManager.swift */,
			);
			path = Storage;
			sourceTree = "<group>";
		};
		B27A387829DA9D5700B4EF02 = {
			isa = PBXGroup;
			children = (
				B27A388329DA9D5800B4EF02 /* menuTestTask */,
				B27A388229DA9D5800B4EF02 /* Products */,
			);
			sourceTree = "<group>";
		};
		B27A388229DA9D5800B4EF02 /* Products */ = {
			isa = PBXGroup;
			children = (
				B27A388129DA9D5800B4EF02 /* menuTestTask.app */,
			);
			name = Products;
			sourceTree = "<group>";
		};
		B27A388329DA9D5800B4EF02 /* menuTestTask */ = {
			isa = PBXGroup;
			children = (
				B27A389929DA9D8000B4EF02 /* Application */,
				B2873D6E2A1FAB0E005EE235 /* Builder */,
				B2B3F1FE2A101012003F944F /* Presenter */,
				B2873D762A212CBC005EE235 /* Router */,
				B24F311329DC9D450053EC46 /* Storage */,
				B21E3D1729DB584D0086D04C /* Network */,
				B225843029DAA66600C97035 /* Model */,
				B225842229DA9F4800C97035 /* View */,
				B27A389829DA9D6F00B4EF02 /* SupportingFilles */,
			);
			path = menuTestTask;
			sourceTree = "<group>";
		};
		B27A389829DA9D6F00B4EF02 /* SupportingFilles */ = {
			isa = PBXGroup;
			children = (
				B27A388D29DA9D5900B4EF02 /* Assets.xcassets */,
				B27A388F29DA9D5900B4EF02 /* LaunchScreen.storyboard */,
				B27A389229DA9D5900B4EF02 /* Info.plist */,
			);
			path = SupportingFilles;
			sourceTree = "<group>";
		};
		B27A389929DA9D8000B4EF02 /* Application */ = {
			isa = PBXGroup;
			children = (
				B27A388429DA9D5800B4EF02 /* AppDelegate.swift */,
				B27A388629DA9D5800B4EF02 /* SceneDelegate.swift */,
			);
			path = Application;
			sourceTree = "<group>";
		};
		B2873D6E2A1FAB0E005EE235 /* Builder */ = {
			isa = PBXGroup;
			children = (
				B2873D6F2A1FAB26005EE235 /* Builder.swift */,
			);
			path = Builder;
			sourceTree = "<group>";
		};
		B2873D712A20B378005EE235 /* MenuPresenter */ = {
			isa = PBXGroup;
			children = (
				B2B3F1FF2A101045003F944F /* MenuPresenter.swift */,
				B2873D742A20B729005EE235 /* MenuDetailPresenter.swift */,
			);
			path = MenuPresenter;
			sourceTree = "<group>";
		};
		B2873D762A212CBC005EE235 /* Router */ = {
			isa = PBXGroup;
			children = (
				B2873D772A212CD4005EE235 /* MenuRouter.swift */,
			);
			path = Router;
			sourceTree = "<group>";
		};
		B2B3F1FE2A101012003F944F /* Presenter */ = {
			isa = PBXGroup;
			children = (
				B2873D712A20B378005EE235 /* MenuPresenter */,
			);
			path = Presenter;
			sourceTree = "<group>";
		};
/* End PBXGroup section */

/* Begin PBXNativeTarget section */
		B27A388029DA9D5800B4EF02 /* menuTestTask */ = {
			isa = PBXNativeTarget;
			buildConfigurationList = B27A389529DA9D5900B4EF02 /* Build configuration list for PBXNativeTarget "menuTestTask" */;
			buildPhases = (
				B27A387D29DA9D5800B4EF02 /* Sources */,
				B27A387E29DA9D5800B4EF02 /* Frameworks */,
				B27A387F29DA9D5800B4EF02 /* Resources */,
			);
			buildRules = (
			);
			dependencies = (
			);
			name = menuTestTask;
			productName = menuTestTask;
			productReference = B27A388129DA9D5800B4EF02 /* menuTestTask.app */;
			productType = "com.apple.product-type.application";
		};
/* End PBXNativeTarget section */

/* Begin PBXProject section */
		B27A387929DA9D5700B4EF02 /* Project object */ = {
			isa = PBXProject;
			attributes = {
				BuildIndependentTargetsInParallel = 1;
				LastSwiftUpdateCheck = 1410;
				LastUpgradeCheck = 1410;
				TargetAttributes = {
					B27A388029DA9D5800B4EF02 = {
						CreatedOnToolsVersion = 14.1;
					};
				};
			};
			buildConfigurationList = B27A387C29DA9D5700B4EF02 /* Build configuration list for PBXProject "menuTestTask" */;
			compatibilityVersion = "Xcode 14.0";
			developmentRegion = en;
			hasScannedForEncodings = 0;
			knownRegions = (
				en,
				Base,
			);
			mainGroup = B27A387829DA9D5700B4EF02;
			productRefGroup = B27A388229DA9D5800B4EF02 /* Products */;
			projectDirPath = "";
			projectRoot = "";
			targets = (
				B27A388029DA9D5800B4EF02 /* menuTestTask */,
			);
		};
/* End PBXProject section */

/* Begin PBXResourcesBuildPhase section */
		B27A387F29DA9D5800B4EF02 /* Resources */ = {
			isa = PBXResourcesBuildPhase;
			buildActionMask = 2147483647;
			files = (
				B27A389129DA9D5900B4EF02 /* LaunchScreen.storyboard in Resources */,
				B27A388E29DA9D5900B4EF02 /* Assets.xcassets in Resources */,
			);
			runOnlyForDeploymentPostprocessing = 0;
		};
/* End PBXResourcesBuildPhase section */

/* Begin PBXSourcesBuildPhase section */
		B27A387D29DA9D5800B4EF02 /* Sources */ = {
			isa = PBXSourcesBuildPhase;
			buildActionMask = 2147483647;
			files = (
				B27A388529DA9D5800B4EF02 /* AppDelegate.swift in Sources */,
				B24202A829EADB22007FBFA2 /* NavBarMenu.swift in Sources */,
				B2873D702A1FAB26005EE235 /* Builder.swift in Sources */,
				B225843429DAAE2100C97035 /* BannerCell.swift in Sources */,
				B242029E29EAC2AF007FBFA2 /* MenuButton.swift in Sources */,
				B21E3D1B29DB619C0086D04C /* Beer.swift in Sources */,
				B21E3D1929DB586D0086D04C /* NetworkServicesBeer.swift in Sources */,
				B27A388729DA9D5800B4EF02 /* SceneDelegate.swift in Sources */,
				B225842C29DA9F4800C97035 /* TabBarController.swift in Sources */,
				B2A6EFE729EAE86D0010DACD /* NavBarController.swift in Sources */,
				B225842F29DAA00000C97035 /* MenuViewController.swift in Sources */,
				B21E3D1629DB3F7C0086D04C /* CategoryCell.swift in Sources */,
				B25E70A329DBEF4900E054C1 /* BeerTableCell.swift in Sources */,
				B24202A129EAC8AC007FBFA2 /* UIViewExtension.swift in Sources */,
				B225843229DAA6A800C97035 /* Banner.swift in Sources */,
				B2873D752A20B729005EE235 /* MenuDetailPresenter.swift in Sources */,
				B225842A29DA9F4800C97035 /* Resources.swift in Sources */,
				B2873D732A20B3BA005EE235 /* MenuDetailViewController.swift in Sources */,
				B225842929DA9F4800C97035 /* UIColorExtension.swift in Sources */,
				B2873D782A212CD4005EE235 /* MenuRouter.swift in Sources */,
				B24F311529DC9D640053EC46 /* StorageManager.swift in Sources */,
				B2B3F2002A101045003F944F /* MenuPresenter.swift in Sources */,
			);
			runOnlyForDeploymentPostprocessing = 0;
		};
/* End PBXSourcesBuildPhase section */

/* Begin PBXVariantGroup section */
		B27A388F29DA9D5900B4EF02 /* LaunchScreen.storyboard */ = {
			isa = PBXVariantGroup;
			children = (
				B27A389029DA9D5900B4EF02 /* Base */,
			);
			name = LaunchScreen.storyboard;
			sourceTree = "<group>";
		};
/* End PBXVariantGroup section */

/* Begin XCBuildConfiguration section */
		B27A389329DA9D5900B4EF02 /* Debug */ = {
			isa = XCBuildConfiguration;
			buildSettings = {
				ALWAYS_SEARCH_USER_PATHS = NO;
				CLANG_ANALYZER_NONNULL = YES;
				CLANG_ANALYZER_NUMBER_OBJECT_CONVERSION = YES_AGGRESSIVE;
				CLANG_CXX_LANGUAGE_STANDARD = "gnu++20";
				CLANG_ENABLE_MODULES = YES;
				CLANG_ENABLE_OBJC_ARC = YES;
				CLANG_ENABLE_OBJC_WEAK = YES;
				CLANG_WARN_BLOCK_CAPTURE_AUTORELEASING = YES;
				CLANG_WARN_BOOL_CONVERSION = YES;
				CLANG_WARN_COMMA = YES;
				CLANG_WARN_CONSTANT_CONVERSION = YES;
				CLANG_WARN_DEPRECATED_OBJC_IMPLEMENTATIONS = YES;
				CLANG_WARN_DIRECT_OBJC_ISA_USAGE = YES_ERROR;
				CLANG_WARN_DOCUMENTATION_COMMENTS = YES;
				CLANG_WARN_EMPTY_BODY = YES;
				CLANG_WARN_ENUM_CONVERSION = YES;
				CLANG_WARN_INFINITE_RECURSION = YES;
				CLANG_WARN_INT_CONVERSION = YES;
				CLANG_WARN_NON_LITERAL_NULL_CONVERSION = YES;
				CLANG_WARN_OBJC_IMPLICIT_RETAIN_SELF = YES;
				CLANG_WARN_OBJC_LITERAL_CONVERSION = YES;
				CLANG_WARN_OBJC_ROOT_CLASS = YES_ERROR;
				CLANG_WARN_QUOTED_INCLUDE_IN_FRAMEWORK_HEADER = YES;
				CLANG_WARN_RANGE_LOOP_ANALYSIS = YES;
				CLANG_WARN_STRICT_PROTOTYPES = YES;
				CLANG_WARN_SUSPICIOUS_MOVE = YES;
				CLANG_WARN_UNGUARDED_AVAILABILITY = YES_AGGRESSIVE;
				CLANG_WARN_UNREACHABLE_CODE = YES;
				CLANG_WARN__DUPLICATE_METHOD_MATCH = YES;
				COPY_PHASE_STRIP = NO;
				DEBUG_INFORMATION_FORMAT = dwarf;
				ENABLE_STRICT_OBJC_MSGSEND = YES;
				ENABLE_TESTABILITY = YES;
				GCC_C_LANGUAGE_STANDARD = gnu11;
				GCC_DYNAMIC_NO_PIC = NO;
				GCC_NO_COMMON_BLOCKS = YES;
				GCC_OPTIMIZATION_LEVEL = 0;
				GCC_PREPROCESSOR_DEFINITIONS = (
					"DEBUG=1",
					"$(inherited)",
				);
				GCC_WARN_64_TO_32_BIT_CONVERSION = YES;
				GCC_WARN_ABOUT_RETURN_TYPE = YES_ERROR;
				GCC_WARN_UNDECLARED_SELECTOR = YES;
				GCC_WARN_UNINITIALIZED_AUTOS = YES_AGGRESSIVE;
				GCC_WARN_UNUSED_FUNCTION = YES;
				GCC_WARN_UNUSED_VARIABLE = YES;
				IPHONEOS_DEPLOYMENT_TARGET = 16.1;
				MTL_ENABLE_DEBUG_INFO = INCLUDE_SOURCE;
				MTL_FAST_MATH = YES;
				ONLY_ACTIVE_ARCH = YES;
				SDKROOT = iphoneos;
				SWIFT_ACTIVE_COMPILATION_CONDITIONS = DEBUG;
				SWIFT_OPTIMIZATION_LEVEL = "-Onone";
			};
			name = Debug;
		};
		B27A389429DA9D5900B4EF02 /* Release */ = {
			isa = XCBuildConfiguration;
			buildSettings = {
				ALWAYS_SEARCH_USER_PATHS = NO;
				CLANG_ANALYZER_NONNULL = YES;
				CLANG_ANALYZER_NUMBER_OBJECT_CONVERSION = YES_AGGRESSIVE;
				CLANG_CXX_LANGUAGE_STANDARD = "gnu++20";
				CLANG_ENABLE_MODULES = YES;
				CLANG_ENABLE_OBJC_ARC = YES;
				CLANG_ENABLE_OBJC_WEAK = YES;
				CLANG_WARN_BLOCK_CAPTURE_AUTORELEASING = YES;
				CLANG_WARN_BOOL_CONVERSION = YES;
				CLANG_WARN_COMMA = YES;
				CLANG_WARN_CONSTANT_CONVERSION = YES;
				CLANG_WARN_DEPRECATED_OBJC_IMPLEMENTATIONS = YES;
				CLANG_WARN_DIRECT_OBJC_ISA_USAGE = YES_ERROR;
				CLANG_WARN_DOCUMENTATION_COMMENTS = YES;
				CLANG_WARN_EMPTY_BODY = YES;
				CLANG_WARN_ENUM_CONVERSION = YES;
				CLANG_WARN_INFINITE_RECURSION = YES;
				CLANG_WARN_INT_CONVERSION = YES;
				CLANG_WARN_NON_LITERAL_NULL_CONVERSION = YES;
				CLANG_WARN_OBJC_IMPLICIT_RETAIN_SELF = YES;
				CLANG_WARN_OBJC_LITERAL_CONVERSION = YES;
				CLANG_WARN_OBJC_ROOT_CLASS = YES_ERROR;
				CLANG_WARN_QUOTED_INCLUDE_IN_FRAMEWORK_HEADER = YES;
				CLANG_WARN_RANGE_LOOP_ANALYSIS = YES;
				CLANG_WARN_STRICT_PROTOTYPES = YES;
				CLANG_WARN_SUSPICIOUS_MOVE = YES;
				CLANG_WARN_UNGUARDED_AVAILABILITY = YES_AGGRESSIVE;
				CLANG_WARN_UNREACHABLE_CODE = YES;
				CLANG_WARN__DUPLICATE_METHOD_MATCH = YES;
				COPY_PHASE_STRIP = NO;
				DEBUG_INFORMATION_FORMAT = "dwarf-with-dsym";
				ENABLE_NS_ASSERTIONS = NO;
				ENABLE_STRICT_OBJC_MSGSEND = YES;
				GCC_C_LANGUAGE_STANDARD = gnu11;
				GCC_NO_COMMON_BLOCKS = YES;
				GCC_WARN_64_TO_32_BIT_CONVERSION = YES;
				GCC_WARN_ABOUT_RETURN_TYPE = YES_ERROR;
				GCC_WARN_UNDECLARED_SELECTOR = YES;
				GCC_WARN_UNINITIALIZED_AUTOS = YES_AGGRESSIVE;
				GCC_WARN_UNUSED_FUNCTION = YES;
				GCC_WARN_UNUSED_VARIABLE = YES;
				IPHONEOS_DEPLOYMENT_TARGET = 16.1;
				MTL_ENABLE_DEBUG_INFO = NO;
				MTL_FAST_MATH = YES;
				SDKROOT = iphoneos;
				SWIFT_COMPILATION_MODE = wholemodule;
				SWIFT_OPTIMIZATION_LEVEL = "-O";
				VALIDATE_PRODUCT = YES;
			};
			name = Release;
		};
		B27A389629DA9D5900B4EF02 /* Debug */ = {
			isa = XCBuildConfiguration;
			buildSettings = {
				ASSETCATALOG_COMPILER_APPICON_NAME = AppIcon;
				ASSETCATALOG_COMPILER_GLOBAL_ACCENT_COLOR_NAME = AccentColor;
				CODE_SIGN_STYLE = Automatic;
				CURRENT_PROJECT_VERSION = 1;
				DEVELOPMENT_TEAM = LUQ926BAHR;
				GENERATE_INFOPLIST_FILE = YES;
				INFOPLIST_FILE = menuTestTask/SupportingFilles/Info.plist;
				INFOPLIST_KEY_UIApplicationSupportsIndirectInputEvents = YES;
				INFOPLIST_KEY_UILaunchStoryboardName = LaunchScreen;
				INFOPLIST_KEY_UIMainStoryboardFile = "";
				INFOPLIST_KEY_UISupportedInterfaceOrientations = UIInterfaceOrientationPortrait;
				INFOPLIST_KEY_UISupportedInterfaceOrientations_iPad = "UIInterfaceOrientationLandscapeLeft UIInterfaceOrientationLandscapeRight UIInterfaceOrientationPortrait UIInterfaceOrientationPortraitUpsideDown";
				LD_RUNPATH_SEARCH_PATHS = (
					"$(inherited)",
					"@executable_path/Frameworks",
				);
				MARKETING_VERSION = 1.0;
				PRODUCT_BUNDLE_IDENTIFIER = vladShima.menuTestTask;
				PRODUCT_NAME = "$(TARGET_NAME)";
				SWIFT_EMIT_LOC_STRINGS = YES;
				SWIFT_VERSION = 5.0;
				TARGETED_DEVICE_FAMILY = "1,2";
			};
			name = Debug;
		};
		B27A389729DA9D5900B4EF02 /* Release */ = {
			isa = XCBuildConfiguration;
			buildSettings = {
				ASSETCATALOG_COMPILER_APPICON_NAME = AppIcon;
				ASSETCATALOG_COMPILER_GLOBAL_ACCENT_COLOR_NAME = AccentColor;
				CODE_SIGN_STYLE = Automatic;
				CURRENT_PROJECT_VERSION = 1;
				DEVELOPMENT_TEAM = LUQ926BAHR;
				GENERATE_INFOPLIST_FILE = YES;
				INFOPLIST_FILE = menuTestTask/SupportingFilles/Info.plist;
				INFOPLIST_KEY_UIApplicationSupportsIndirectInputEvents = YES;
				INFOPLIST_KEY_UILaunchStoryboardName = LaunchScreen;
				INFOPLIST_KEY_UIMainStoryboardFile = "";
				INFOPLIST_KEY_UISupportedInterfaceOrientations = UIInterfaceOrientationPortrait;
				INFOPLIST_KEY_UISupportedInterfaceOrientations_iPad = "UIInterfaceOrientationLandscapeLeft UIInterfaceOrientationLandscapeRight UIInterfaceOrientationPortrait UIInterfaceOrientationPortraitUpsideDown";
				LD_RUNPATH_SEARCH_PATHS = (
					"$(inherited)",
					"@executable_path/Frameworks",
				);
				MARKETING_VERSION = 1.0;
				PRODUCT_BUNDLE_IDENTIFIER = vladShima.menuTestTask;
				PRODUCT_NAME = "$(TARGET_NAME)";
				SWIFT_EMIT_LOC_STRINGS = YES;
				SWIFT_VERSION = 5.0;
				TARGETED_DEVICE_FAMILY = "1,2";
			};
			name = Release;
		};
/* End XCBuildConfiguration section */

/* Begin XCConfigurationList section */
		B27A387C29DA9D5700B4EF02 /* Build configuration list for PBXProject "menuTestTask" */ = {
			isa = XCConfigurationList;
			buildConfigurations = (
				B27A389329DA9D5900B4EF02 /* Debug */,
				B27A389429DA9D5900B4EF02 /* Release */,
			);
			defaultConfigurationIsVisible = 0;
			defaultConfigurationName = Release;
		};
		B27A389529DA9D5900B4EF02 /* Build configuration list for PBXNativeTarget "menuTestTask" */ = {
			isa = XCConfigurationList;
			buildConfigurations = (
				B27A389629DA9D5900B4EF02 /* Debug */,
				B27A389729DA9D5900B4EF02 /* Release */,
			);
			defaultConfigurationIsVisible = 0;
			defaultConfigurationName = Release;
		};
/* End XCConfigurationList section */
	};
	rootObject = B27A387929DA9D5700B4EF02 /* Project object */;
}
